
Microsoft Visual Studio Solution File, Format Version 12.00
# Visual Studio Version 16
VisualStudioVersion = 16.0.30204.135
MinimumVisualStudioVersion = 10.0.40219.1
Project("{FAE04EC0-301F-11D3-BF4B-00C04F79EFBC}") = "client", "client\client.csproj", "{3B4873A3-6F36-4650-A94F-78A55112B157}"
EndProject
Global
	GlobalSection(SolutionConfigurationPlatforms) = preSolution
		Debug|Any CPU = Debug|Any CPU
		Release|Any CPU = Release|Any CPU
	EndGlobalSection
	GlobalSection(ProjectConfigurationPlatforms) = postSolution
		{3B4873A3-6F36-4650-A94F-78A55112B157}.Debug|Any CPU.ActiveCfg = Debug|Any CPU
		{3B4873A3-6F36-4650-A94F-78A55112B157}.Debug|Any CPU.Build.0 = Debug|Any CPU
		{3B4873A3-6F36-4650-A94F-78A55112B157}.Release|Any CPU.ActiveCfg = Release|Any CPU
		{3B4873A3-6F36-4650-A94F-78A55112B157}.Release|Any CPU.Build.0 = Release|Any CPU
	EndGlobalSection
	GlobalSection(SolutionProperties) = preSolution
		HideSolutionNode = FALSE
	EndGlobalSection
	GlobalSection(ExtensibilityGlobals) = postSolution
		SolutionGuid = {F96929C0-7FAC-47DC-B4FA-DBCAE66BE161}
	EndGlobalSection
EndGlobal
